
Microsoft Visual Studio Solution File, Format Version 12.00
# Visual Studio 15
VisualStudioVersion = 15.0.28307.1062
MinimumVisualStudioVersion = 10.0.40219.1
Project("{FAE04EC0-301F-11D3-BF4B-00C04F79EFBC}") = "CurseforgeMirrorer", "CurseforgeMirrorer\CurseforgeMirrorer.csproj", "{F1FD568E-4076-48DF-BBD3-D3860EBDA806}"
EndProject
Global
	GlobalSection(SolutionConfigurationPlatforms) = preSolution
		Debug|Any CPU = Debug|Any CPU
		Debug|x86 = Debug|x86
		Release|Any CPU = Release|Any CPU
		Release|x86 = Release|x86
	EndGlobalSection
	GlobalSection(ProjectConfigurationPlatforms) = postSolution
		{F1FD568E-4076-48DF-BBD3-D3860EBDA806}.Debug|Any CPU.ActiveCfg = Debug|Any CPU
		{F1FD568E-4076-48DF-BBD3-D3860EBDA806}.Debug|Any CPU.Build.0 = Debug|Any CPU
		{F1FD568E-4076-48DF-BBD3-D3860EBDA806}.Debug|x86.ActiveCfg = Debug|x86
		{F1FD568E-4076-48DF-BBD3-D3860EBDA806}.Debug|x86.Build.0 = Debug|x86
		{F1FD568E-4076-48DF-BBD3-D3860EBDA806}.Release|Any CPU.ActiveCfg = Release|Any CPU
		{F1FD568E-4076-48DF-BBD3-D3860EBDA806}.Release|Any CPU.Build.0 = Release|Any CPU
		{F1FD568E-4076-48DF-BBD3-D3860EBDA806}.Release|x86.ActiveCfg = Release|x86
		{F1FD568E-4076-48DF-BBD3-D3860EBDA806}.Release|x86.Build.0 = Release|x86
	EndGlobalSection
	GlobalSection(SolutionProperties) = preSolution
		HideSolutionNode = FALSE
	EndGlobalSection
	GlobalSection(ExtensibilityGlobals) = postSolution
		SolutionGuid = {3BABBD3E-48D5-4709-91FA-857AC1859392}
	EndGlobalSection
EndGlobal
